
Microsoft Visual Studio Solution File, Format Version 12.00
# Visual Studio Version 16
VisualStudioVersion = 16.0.29102.190
MinimumVisualStudioVersion = 10.0.40219.1
Project("{FAE04EC0-301F-11D3-BF4B-00C04F79EFBC}") = "AgilePointAPIProxy", "AgilePointAPIProxy.csproj", "{F2EEB14E-6B0A-4250-AC6A-73FFC9187367}"
EndProject
Global
	GlobalSection(SolutionConfigurationPlatforms) = preSolution
		Debug|Any CPU = Debug|Any CPU
		Release|Any CPU = Release|Any CPU
	EndGlobalSection
	GlobalSection(ProjectConfigurationPlatforms) = postSolution
		{F2EEB14E-6B0A-4250-AC6A-73FFC9187367}.Debug|Any CPU.ActiveCfg = Debug|Any CPU
		{F2EEB14E-6B0A-4250-AC6A-73FFC9187367}.Debug|Any CPU.Build.0 = Debug|Any CPU
		{F2EEB14E-6B0A-4250-AC6A-73FFC9187367}.Release|Any CPU.ActiveCfg = Release|Any CPU
		{F2EEB14E-6B0A-4250-AC6A-73FFC9187367}.Release|Any CPU.Build.0 = Release|Any CPU
	EndGlobalSection
	GlobalSection(SolutionProperties) = preSolution
		HideSolutionNode = FALSE
	EndGlobalSection
	GlobalSection(ExtensibilityGlobals) = postSolution
		SolutionGuid = {74174CD8-A0E4-49D6-8FF8-075DB061B42A}
	EndGlobalSection
EndGlobal
